
Microsoft Visual Studio Solution File, Format Version 12.00
# Visual Studio Version 16
VisualStudioVersion = 16.0.32413.511
MinimumVisualStudioVersion = 10.0.40219.1
Project("{FAE04EC0-301F-11D3-BF4B-00C04F79EFBC}") = "tziporim", "tziporim\tziporim.csproj", "{2872AC5E-B2BA-4BD8-975A-AFF6620B4FE1}"
EndProject
Global
	GlobalSection(SolutionConfigurationPlatforms) = preSolution
		Debug|Any CPU = Debug|Any CPU
		Release|Any CPU = Release|Any CPU
	EndGlobalSection
	GlobalSection(ProjectConfigurationPlatforms) = postSolution
		{2872AC5E-B2BA-4BD8-975A-AFF6620B4FE1}.Debug|Any CPU.ActiveCfg = Debug|Any CPU
		{2872AC5E-B2BA-4BD8-975A-AFF6620B4FE1}.Debug|Any CPU.Build.0 = Debug|Any CPU
		{2872AC5E-B2BA-4BD8-975A-AFF6620B4FE1}.Release|Any CPU.ActiveCfg = Release|Any CPU
		{2872AC5E-B2BA-4BD8-975A-AFF6620B4FE1}.Release|Any CPU.Build.0 = Release|Any CPU
	EndGlobalSection
	GlobalSection(SolutionProperties) = preSolution
		HideSolutionNode = FALSE
	EndGlobalSection
	GlobalSection(ExtensibilityGlobals) = postSolution
		SolutionGuid = {D80E1795-CC46-4BEC-8334-C300AFFD9443}
	EndGlobalSection
EndGlobal
